// !$*UTF8*$!
{
	archiveVersion = 1;
	classes = {
	};
	objectVersion = 46;
	objects = {

/* Begin PBXBuildFile section */
		5C232F261ADC968C0019690E /* AppKit.framework in Frameworks */ = {isa = PBXBuildFile; fileRef = 5C232F251ADC968C0019690E /* AppKit.framework */; };
		5C232F281ADC968C0019690E /* Foundation.framework in Frameworks */ = {isa = PBXBuildFile; fileRef = 5C232F271ADC968C0019690E /* Foundation.framework */; };
		5C232F2D1ADC968C0019690E /* BetaCamouflage.xcscheme in Resources */ = {isa = PBXBuildFile; fileRef = 5C232F2C1ADC968C0019690E /* BetaCamouflage.xcscheme */; };
		5C232F301ADC968C0019690E /* BetaCamouflage.m in Sources */ = {isa = PBXBuildFile; fileRef = 5C232F2F1ADC968C0019690E /* BetaCamouflage.m */; };
		5CA933781ADC97DE003F79CF /* WMLSwizzler.m in Sources */ = {isa = PBXBuildFile; fileRef = 5CA933771ADC97DE003F79CF /* WMLSwizzler.m */; };
		5CB10ABF1ADC9E8100DE6F2B /* pattern.png in Resources */ = {isa = PBXBuildFile; fileRef = 5CB10ABD1ADC9E8100DE6F2B /* pattern.png */; };
		5CB10AC01ADC9E8100DE6F2B /* pattern@2x.png in Resources */ = {isa = PBXBuildFile; fileRef = 5CB10ABE1ADC9E8100DE6F2B /* pattern@2x.png */; };
/* End PBXBuildFile section */

/* Begin PBXFileReference section */
		5C232F221ADC968C0019690E /* BetaCamouflage.xcplugin */ = {isa = PBXFileReference; explicitFileType = wrapper.cfbundle; includeInIndex = 0; path = BetaCamouflage.xcplugin; sourceTree = BUILT_PRODUCTS_DIR; };
		5C232F251ADC968C0019690E /* AppKit.framework */ = {isa = PBXFileReference; lastKnownFileType = wrapper.framework; name = AppKit.framework; path = /System/Library/Frameworks/AppKit.framework; sourceTree = "<absolute>"; };
		5C232F271ADC968C0019690E /* Foundation.framework */ = {isa = PBXFileReference; lastKnownFileType = wrapper.framework; name = Foundation.framework; path = /System/Library/Frameworks/Foundation.framework; sourceTree = "<absolute>"; };
		5C232F2B1ADC968C0019690E /* Info.plist */ = {isa = PBXFileReference; lastKnownFileType = text.plist.xml; path = Info.plist; sourceTree = "<group>"; };
		5C232F2C1ADC968C0019690E /* BetaCamouflage.xcscheme */ = {isa = PBXFileReference; lastKnownFileType = text.xml; name = BetaCamouflage.xcscheme; path = BetaCamouflage.xcodeproj/xcshareddata/xcschemes/BetaCamouflage.xcscheme; sourceTree = SOURCE_ROOT; };
		5C232F2E1ADC968C0019690E /* BetaCamouflage.h */ = {isa = PBXFileReference; lastKnownFileType = sourcecode.c.h; path = BetaCamouflage.h; sourceTree = "<group>"; };
		5C232F2F1ADC968C0019690E /* BetaCamouflage.m */ = {isa = PBXFileReference; lastKnownFileType = sourcecode.c.objc; path = BetaCamouflage.m; sourceTree = "<group>"; };
		5CA933761ADC97DE003F79CF /* WMLSwizzler.h */ = {isa = PBXFileReference; fileEncoding = 4; lastKnownFileType = sourcecode.c.h; path = WMLSwizzler.h; sourceTree = "<group>"; };
		5CA933771ADC97DE003F79CF /* WMLSwizzler.m */ = {isa = PBXFileReference; fileEncoding = 4; lastKnownFileType = sourcecode.c.objc; path = WMLSwizzler.m; sourceTree = "<group>"; };
		5CB10ABD1ADC9E8100DE6F2B /* pattern.png */ = {isa = PBXFileReference; lastKnownFileType = image.png; path = pattern.png; sourceTree = "<group>"; };
		5CB10ABE1ADC9E8100DE6F2B /* pattern@2x.png */ = {isa = PBXFileReference; lastKnownFileType = image.png; path = "pattern@2x.png"; sourceTree = "<group>"; };
/* End PBXFileReference section */

/* Begin PBXFrameworksBuildPhase section */
		5C232F201ADC968C0019690E /* Frameworks */ = {
			isa = PBXFrameworksBuildPhase;
			buildActionMask = 2147483647;
			files = (
				5C232F261ADC968C0019690E /* AppKit.framework in Frameworks */,
				5C232F281ADC968C0019690E /* Foundation.framework in Frameworks */,
			);
			runOnlyForDeploymentPostprocessing = 0;
		};
/* End PBXFrameworksBuildPhase section */

/* Begin PBXGroup section */
		5C232F191ADC968C0019690E = {
			isa = PBXGroup;
			children = (
				5C232F291ADC968C0019690E /* BetaCamouflage */,
				5C232F241ADC968C0019690E /* Frameworks */,
				5C232F231ADC968C0019690E /* Products */,
			);
			sourceTree = "<group>";
		};
		5C232F231ADC968C0019690E /* Products */ = {
			isa = PBXGroup;
			children = (
				5C232F221ADC968C0019690E /* BetaCamouflage.xcplugin */,
			);
			name = Products;
			sourceTree = "<group>";
		};
		5C232F241ADC968C0019690E /* Frameworks */ = {
			isa = PBXGroup;
			children = (
				5C232F251ADC968C0019690E /* AppKit.framework */,
				5C232F271ADC968C0019690E /* Foundation.framework */,
			);
			name = Frameworks;
			sourceTree = "<group>";
		};
		5C232F291ADC968C0019690E /* BetaCamouflage */ = {
			isa = PBXGroup;
			children = (
				5CB10ABD1ADC9E8100DE6F2B /* pattern.png */,
				5CB10ABE1ADC9E8100DE6F2B /* pattern@2x.png */,
				5C232F2E1ADC968C0019690E /* BetaCamouflage.h */,
				5C232F2F1ADC968C0019690E /* BetaCamouflage.m */,
				5CA933761ADC97DE003F79CF /* WMLSwizzler.h */,
				5CA933771ADC97DE003F79CF /* WMLSwizzler.m */,
				5C232F2A1ADC968C0019690E /* Supporting Files */,
			);
			path = BetaCamouflage;
			sourceTree = "<group>";
		};
		5C232F2A1ADC968C0019690E /* Supporting Files */ = {
			isa = PBXGroup;
			children = (
				5C232F2B1ADC968C0019690E /* Info.plist */,
				5C232F2C1ADC968C0019690E /* BetaCamouflage.xcscheme */,
			);
			name = "Supporting Files";
			sourceTree = "<group>";
		};
/* End PBXGroup section */

/* Begin PBXNativeTarget section */
		5C232F211ADC968C0019690E /* BetaCamouflage */ = {
			isa = PBXNativeTarget;
			buildConfigurationList = 5C232F331ADC968C0019690E /* Build configuration list for PBXNativeTarget "BetaCamouflage" */;
			buildPhases = (
				5C232F1E1ADC968C0019690E /* Sources */,
				5C232F1F1ADC968C0019690E /* Resources */,
				5C232F201ADC968C0019690E /* Frameworks */,
			);
			buildRules = (
			);
			dependencies = (
			);
			name = BetaCamouflage;
			productName = BetaCamouflage;
			productReference = 5C232F221ADC968C0019690E /* BetaCamouflage.xcplugin */;
			productType = "com.apple.product-type.bundle";
		};
/* End PBXNativeTarget section */

/* Begin PBXProject section */
		5C232F1A1ADC968C0019690E /* Project object */ = {
			isa = PBXProject;
			attributes = {
				LastUpgradeCheck = 0630;
				ORGANIZATIONNAME = "Sash Zats";
				TargetAttributes = {
					5C232F211ADC968C0019690E = {
						CreatedOnToolsVersion = 6.3;
					};
				};
			};
			buildConfigurationList = 5C232F1D1ADC968C0019690E /* Build configuration list for PBXProject "BetaCamouflage" */;
			compatibilityVersion = "Xcode 3.2";
			developmentRegion = English;
			hasScannedForEncodings = 0;
			knownRegions = (
				en,
			);
			mainGroup = 5C232F191ADC968C0019690E;
			productRefGroup = 5C232F231ADC968C0019690E /* Products */;
			projectDirPath = "";
			projectRoot = "";
			targets = (
				5C232F211ADC968C0019690E /* BetaCamouflage */,
			);
		};
/* End PBXProject section */

/* Begin PBXResourcesBuildPhase section */
		5C232F1F1ADC968C0019690E /* Resources */ = {
			isa = PBXResourcesBuildPhase;
			buildActionMask = 2147483647;
			files = (
				5CB10ABF1ADC9E8100DE6F2B /* pattern.png in Resources */,
				5CB10AC01ADC9E8100DE6F2B /* pattern@2x.png in Resources */,
				5C232F2D1ADC968C0019690E /* BetaCamouflage.xcscheme in Resources */,
			);
			runOnlyForDeploymentPostprocessing = 0;
		};
/* End PBXResourcesBuildPhase section */

/* Begin PBXSourcesBuildPhase section */
		5C232F1E1ADC968C0019690E /* Sources */ = {
			isa = PBXSourcesBuildPhase;
			buildActionMask = 2147483647;
			files = (
				5CA933781ADC97DE003F79CF /* WMLSwizzler.m in Sources */,
				5C232F301ADC968C0019690E /* BetaCamouflage.m in Sources */,
			);
			runOnlyForDeploymentPostprocessing = 0;
		};
/* End PBXSourcesBuildPhase section */

/* Begin XCBuildConfiguration section */
		5C232F311ADC968C0019690E /* Debug */ = {
			isa = XCBuildConfiguration;
			buildSettings = {
				ALWAYS_SEARCH_USER_PATHS = NO;
				CLANG_CXX_LANGUAGE_STANDARD = "gnu++0x";
				CLANG_CXX_LIBRARY = "libc++";
				CLANG_ENABLE_MODULES = YES;
				CLANG_ENABLE_OBJC_ARC = YES;
				CLANG_WARN_BOOL_CONVERSION = YES;
				CLANG_WARN_CONSTANT_CONVERSION = YES;
				CLANG_WARN_DIRECT_OBJC_ISA_USAGE = YES_ERROR;
				CLANG_WARN_EMPTY_BODY = YES;
				CLANG_WARN_ENUM_CONVERSION = YES;
				CLANG_WARN_INT_CONVERSION = YES;
				CLANG_WARN_OBJC_ROOT_CLASS = YES_ERROR;
				CLANG_WARN_UNREACHABLE_CODE = YES;
				CLANG_WARN__DUPLICATE_METHOD_MATCH = YES;
				COPY_PHASE_STRIP = NO;
				ENABLE_STRICT_OBJC_MSGSEND = YES;
				GCC_C_LANGUAGE_STANDARD = gnu99;
				GCC_DYNAMIC_NO_PIC = NO;
				GCC_NO_COMMON_BLOCKS = YES;
				GCC_OPTIMIZATION_LEVEL = 0;
				GCC_PREPROCESSOR_DEFINITIONS = (
					"DEBUG=1",
					"$(inherited)",
				);
				GCC_SYMBOLS_PRIVATE_EXTERN = NO;
				GCC_WARN_64_TO_32_BIT_CONVERSION = YES;
				GCC_WARN_ABOUT_RETURN_TYPE = YES_ERROR;
				GCC_WARN_UNDECLARED_SELECTOR = YES;
				GCC_WARN_UNINITIALIZED_AUTOS = YES_AGGRESSIVE;
				GCC_WARN_UNUSED_FUNCTION = YES;
				GCC_WARN_UNUSED_VARIABLE = YES;
				MTL_ENABLE_DEBUG_INFO = YES;
				ONLY_ACTIVE_ARCH = YES;
			};
			name = Debug;
		};
		5C232F321ADC968C0019690E /* Release */ = {
			isa = XCBuildConfiguration;
			buildSettings = {
				ALWAYS_SEARCH_USER_PATHS = NO;
				CLANG_CXX_LANGUAGE_STANDARD = "gnu++0x";
				CLANG_CXX_LIBRARY = "libc++";
				CLANG_ENABLE_MODULES = YES;
				CLANG_ENABLE_OBJC_ARC = YES;
				CLANG_WARN_BOOL_CONVERSION = YES;
				CLANG_WARN_CONSTANT_CONVERSION = YES;
				CLANG_WARN_DIRECT_OBJC_ISA_USAGE = YES_ERROR;
				CLANG_WARN_EMPTY_BODY = YES;
				CLANG_WARN_ENUM_CONVERSION = YES;
				CLANG_WARN_INT_CONVERSION = YES;
				CLANG_WARN_OBJC_ROOT_CLASS = YES_ERROR;
				CLANG_WARN_UNREACHABLE_CODE = YES;
				CLANG_WARN__DUPLICATE_METHOD_MATCH = YES;
				COPY_PHASE_STRIP = NO;
				ENABLE_NS_ASSERTIONS = NO;
				ENABLE_STRICT_OBJC_MSGSEND = YES;
				GCC_C_LANGUAGE_STANDARD = gnu99;
				GCC_NO_COMMON_BLOCKS = YES;
				GCC_WARN_64_TO_32_BIT_CONVERSION = YES;
				GCC_WARN_ABOUT_RETURN_TYPE = YES_ERROR;
				GCC_WARN_UNDECLARED_SELECTOR = YES;
				GCC_WARN_UNINITIALIZED_AUTOS = YES_AGGRESSIVE;
				GCC_WARN_UNUSED_FUNCTION = YES;
				GCC_WARN_UNUSED_VARIABLE = YES;
				MTL_ENABLE_DEBUG_INFO = NO;
			};
			name = Release;
		};
		5C232F341ADC968C0019690E /* Debug */ = {
			isa = XCBuildConfiguration;
			buildSettings = {
				COMBINE_HIDPI_IMAGES = YES;
				DEPLOYMENT_LOCATION = YES;
				DSTROOT = "$(HOME)";
				INFOPLIST_FILE = BetaCamouflage/Info.plist;
				INSTALL_PATH = "/Library/Application Support/Developer/Shared/Xcode/Plug-ins";
				MACOSX_DEPLOYMENT_TARGET = 10.10;
				PRODUCT_NAME = "$(TARGET_NAME)";
				WRAPPER_EXTENSION = xcplugin;
			};
			name = Debug;
		};
		5C232F351ADC968C0019690E /* Release */ = {
			isa = XCBuildConfiguration;
			buildSettings = {
				COMBINE_HIDPI_IMAGES = YES;
				DEPLOYMENT_LOCATION = YES;
				DSTROOT = "$(HOME)";
				INFOPLIST_FILE = BetaCamouflage/Info.plist;
				INSTALL_PATH = "/Library/Application Support/Developer/Shared/Xcode/Plug-ins";
				MACOSX_DEPLOYMENT_TARGET = 10.10;
				PRODUCT_NAME = "$(TARGET_NAME)";
				WRAPPER_EXTENSION = xcplugin;
			};
			name = Release;
		};
/* End XCBuildConfiguration section */

/* Begin XCConfigurationList section */
		5C232F1D1ADC968C0019690E /* Build configuration list for PBXProject "BetaCamouflage" */ = {
			isa = XCConfigurationList;
			buildConfigurations = (
				5C232F311ADC968C0019690E /* Debug */,
				5C232F321ADC968C0019690E /* Release */,
			);
			defaultConfigurationIsVisible = 0;
			defaultConfigurationName = Release;
		};
		5C232F331ADC968C0019690E /* Build configuration list for PBXNativeTarget "BetaCamouflage" */ = {
			isa = XCConfigurationList;
			buildConfigurations = (
				5C232F341ADC968C0019690E /* Debug */,
				5C232F351ADC968C0019690E /* Release */,
			);
			defaultConfigurationIsVisible = 0;
			defaultConfigurationName = Release;
		};
/* End XCConfigurationList section */
	};
	rootObject = 5C232F1A1ADC968C0019690E /* Project object */;
}
